// !$*UTF8*$!
{
	archiveVersion = 1;
	classes = {
	};
	objectVersion = 56;
	objects = {

/* Begin PBXBuildFile section */
		4986A8732C0B40F500EC285E /* ImageResourceCore.docc in Sources */ = {isa = PBXBuildFile; fileRef = 4986A8722C0B40F500EC285E /* ImageResourceCore.docc */; };
		4986A89C2C0B44D600EC285E /* Extension+Image.swift in Sources */ = {isa = PBXBuildFile; fileRef = 4986A8992C0B44D600EC285E /* Extension+Image.swift */; };
		4986A8A62C0B4A0000EC285E /* Cartfile in Resources */ = {isa = PBXBuildFile; fileRef = 4986A8A52C0B4A0000EC285E /* Cartfile */; };
		4986A8A92C0B4A6100EC285E /* ImageResourceAPI.xcframework in Frameworks */ = {isa = PBXBuildFile; fileRef = 4986A8A82C0B4A6100EC285E /* ImageResourceAPI.xcframework */; };
		4986A8AA2C0B4A6100EC285E /* ImageResourceAPI.xcframework in Embed Frameworks */ = {isa = PBXBuildFile; fileRef = 4986A8A82C0B4A6100EC285E /* ImageResourceAPI.xcframework */; settings = {ATTRIBUTES = (CodeSignOnCopy, RemoveHeadersOnCopy, ); }; };
		4986A8AE2C0B4DCE00EC285E /* Cartfile.resolved in Resources */ = {isa = PBXBuildFile; fileRef = 4986A8AD2C0B4DCE00EC285E /* Cartfile.resolved */; };
		4986A8B72C0B57DE00EC285E /* ImageResourceCore.framework in Frameworks */ = {isa = PBXBuildFile; fileRef = 4986A86E2C0B40F500EC285E /* ImageResourceCore.framework */; };
		4986A8C02C0B6D8600EC285E /* ImageViewModel.swift in Sources */ = {isa = PBXBuildFile; fileRef = 4986A8BF2C0B6D8600EC285E /* ImageViewModel.swift */; };
		4986A8C22C0B6DAB00EC285E /* LoadingState.swift in Sources */ = {isa = PBXBuildFile; fileRef = 4986A8C12C0B6DAB00EC285E /* LoadingState.swift */; };
		4986A8C62C0B725200EC285E /* ImageViewModelTests.swift in Sources */ = {isa = PBXBuildFile; fileRef = 4986A8C52C0B725200EC285E /* ImageViewModelTests.swift */; };
		4986A8CB2C0B72CA00EC285E /* ImageResourceServiceMock.swift in Sources */ = {isa = PBXBuildFile; fileRef = 4986A8CA2C0B72CA00EC285E /* ImageResourceServiceMock.swift */; };
		4986A8CD2C0B751D00EC285E /* ImageProviderMock.swift in Sources */ = {isa = PBXBuildFile; fileRef = 4986A8CC2C0B751D00EC285E /* ImageProviderMock.swift */; };
		4986A8CF2C0BCDF500EC285E /* ImageView.swift in Sources */ = {isa = PBXBuildFile; fileRef = 4986A8CE2C0BCDF500EC285E /* ImageView.swift */; };
		4986A8D22C0BCF5C00EC285E /* ShimmerView.swift in Sources */ = {isa = PBXBuildFile; fileRef = 4986A8D12C0BCF5C00EC285E /* ShimmerView.swift */; };
		4986A8D62C0BD45700EC285E /* ImagePosterViewProvider.swift in Sources */ = {isa = PBXBuildFile; fileRef = 4986A8D52C0BD45700EC285E /* ImagePosterViewProvider.swift */; };
		4986A8D82C0C813E00EC285E /* MainThreadImageResourceServiceDecorator.swift in Sources */ = {isa = PBXBuildFile; fileRef = 4986A8D72C0C813E00EC285E /* MainThreadImageResourceServiceDecorator.swift */; };
		4986A8DA2C0C836900EC285E /* MainThreadImageResourceServiceDecoratorTests.swift in Sources */ = {isa = PBXBuildFile; fileRef = 4986A8D92C0C836900EC285E /* MainThreadImageResourceServiceDecoratorTests.swift */; };
/* End PBXBuildFile section */

/* Begin PBXContainerItemProxy section */
		4986A8B82C0B57DE00EC285E /* PBXContainerItemProxy */ = {
			isa = PBXContainerItemProxy;
			containerPortal = 4986A8652C0B40F500EC285E /* Project object */;
			proxyType = 1;
			remoteGlobalIDString = 4986A86D2C0B40F500EC285E;
			remoteInfo = ImageResourceCore;
		};
/* End PBXContainerItemProxy section */

/* Begin PBXCopyFilesBuildPhase section */
		4986A8AB2C0B4A6100EC285E /* Embed Frameworks */ = {
			isa = PBXCopyFilesBuildPhase;
			buildActionMask = 8;
			dstPath = "";
			dstSubfolderSpec = 10;
			files = (
				4986A8AA2C0B4A6100EC285E /* ImageResourceAPI.xcframework in Embed Frameworks */,
			);
			name = "Embed Frameworks";
			runOnlyForDeploymentPostprocessing = 1;
		};
/* End PBXCopyFilesBuildPhase section */

/* Begin PBXFileReference section */
		4986A86E2C0B40F500EC285E /* ImageResourceCore.framework */ = {isa = PBXFileReference; explicitFileType = wrapper.framework; includeInIndex = 0; path = ImageResourceCore.framework; sourceTree = BUILT_PRODUCTS_DIR; };
		4986A8722C0B40F500EC285E /* ImageResourceCore.docc */ = {isa = PBXFileReference; lastKnownFileType = folder.documentationcatalog; path = ImageResourceCore.docc; sourceTree = "<group>"; };
		4986A8992C0B44D600EC285E /* Extension+Image.swift */ = {isa = PBXFileReference; fileEncoding = 4; lastKnownFileType = sourcecode.swift; path = "Extension+Image.swift"; sourceTree = "<group>"; };
		4986A8A52C0B4A0000EC285E /* Cartfile */ = {isa = PBXFileReference; fileEncoding = 4; lastKnownFileType = text; name = Cartfile; path = ../Cartfile; sourceTree = "<group>"; };
		4986A8A82C0B4A6100EC285E /* ImageResourceAPI.xcframework */ = {isa = PBXFileReference; lastKnownFileType = wrapper.xcframework; name = ImageResourceAPI.xcframework; path = ../Carthage/Build/ImageResourceAPI.xcframework; sourceTree = "<group>"; };
		4986A8AD2C0B4DCE00EC285E /* Cartfile.resolved */ = {isa = PBXFileReference; fileEncoding = 4; lastKnownFileType = text; name = Cartfile.resolved; path = ../Cartfile.resolved; sourceTree = "<group>"; };
		4986A8B32C0B57DE00EC285E /* ImageResourceCoreTests.xctest */ = {isa = PBXFileReference; explicitFileType = wrapper.cfbundle; includeInIndex = 0; path = ImageResourceCoreTests.xctest; sourceTree = BUILT_PRODUCTS_DIR; };
		4986A8BD2C0B584100EC285E /* ImageResourceCoreTests.xctestplan */ = {isa = PBXFileReference; lastKnownFileType = text; path = ImageResourceCoreTests.xctestplan; sourceTree = "<group>"; };
		4986A8BF2C0B6D8600EC285E /* ImageViewModel.swift */ = {isa = PBXFileReference; lastKnownFileType = sourcecode.swift; path = ImageViewModel.swift; sourceTree = "<group>"; };
		4986A8C12C0B6DAB00EC285E /* LoadingState.swift */ = {isa = PBXFileReference; lastKnownFileType = sourcecode.swift; path = LoadingState.swift; sourceTree = "<group>"; };
		4986A8C52C0B725200EC285E /* ImageViewModelTests.swift */ = {isa = PBXFileReference; lastKnownFileType = sourcecode.swift; path = ImageViewModelTests.swift; sourceTree = "<group>"; };
		4986A8CA2C0B72CA00EC285E /* ImageResourceServiceMock.swift */ = {isa = PBXFileReference; lastKnownFileType = sourcecode.swift; path = ImageResourceServiceMock.swift; sourceTree = "<group>"; };
		4986A8CC2C0B751D00EC285E /* ImageProviderMock.swift */ = {isa = PBXFileReference; lastKnownFileType = sourcecode.swift; path = ImageProviderMock.swift; sourceTree = "<group>"; };
		4986A8CE2C0BCDF500EC285E /* ImageView.swift */ = {isa = PBXFileReference; lastKnownFileType = sourcecode.swift; path = ImageView.swift; sourceTree = "<group>"; };
		4986A8D12C0BCF5C00EC285E /* ShimmerView.swift */ = {isa = PBXFileReference; lastKnownFileType = sourcecode.swift; path = ShimmerView.swift; sourceTree = "<group>"; };
		4986A8D52C0BD45700EC285E /* ImagePosterViewProvider.swift */ = {isa = PBXFileReference; lastKnownFileType = sourcecode.swift; path = ImagePosterViewProvider.swift; sourceTree = "<group>"; };
		4986A8D72C0C813E00EC285E /* MainThreadImageResourceServiceDecorator.swift */ = {isa = PBXFileReference; lastKnownFileType = sourcecode.swift; path = MainThreadImageResourceServiceDecorator.swift; sourceTree = "<group>"; };
		4986A8D92C0C836900EC285E /* MainThreadImageResourceServiceDecoratorTests.swift */ = {isa = PBXFileReference; lastKnownFileType = sourcecode.swift; path = MainThreadImageResourceServiceDecoratorTests.swift; sourceTree = "<group>"; };
/* End PBXFileReference section */

/* Begin PBXFrameworksBuildPhase section */
		4986A86B2C0B40F500EC285E /* Frameworks */ = {
			isa = PBXFrameworksBuildPhase;
			buildActionMask = 2147483647;
			files = (
				4986A8A92C0B4A6100EC285E /* ImageResourceAPI.xcframework in Frameworks */,
			);
			runOnlyForDeploymentPostprocessing = 0;
		};
		4986A8B02C0B57DE00EC285E /* Frameworks */ = {
			isa = PBXFrameworksBuildPhase;
			buildActionMask = 2147483647;
			files = (
				4986A8B72C0B57DE00EC285E /* ImageResourceCore.framework in Frameworks */,
			);
			runOnlyForDeploymentPostprocessing = 0;
		};
/* End PBXFrameworksBuildPhase section */

/* Begin PBXGroup section */
		4986A8642C0B40F500EC285E = {
			isa = PBXGroup;
			children = (
				4986A8A52C0B4A0000EC285E /* Cartfile */,
				4986A8AD2C0B4DCE00EC285E /* Cartfile.resolved */,
				4986A8A72C0B4A6000EC285E /* Frameworks */,
				4986A8702C0B40F500EC285E /* ImageResourceCore */,
				4986A8B42C0B57DE00EC285E /* ImageResourceCoreTests */,
				4986A86F2C0B40F500EC285E /* Products */,
			);
			sourceTree = "<group>";
		};
		4986A86F2C0B40F500EC285E /* Products */ = {
			isa = PBXGroup;
			children = (
				4986A86E2C0B40F500EC285E /* ImageResourceCore.framework */,
				4986A8B32C0B57DE00EC285E /* ImageResourceCoreTests.xctest */,
			);
			name = Products;
			sourceTree = "<group>";
		};
		4986A8702C0B40F500EC285E /* ImageResourceCore */ = {
			isa = PBXGroup;
			children = (
				4986A8722C0B40F500EC285E /* ImageResourceCore.docc */,
				4986A8D52C0BD45700EC285E /* ImagePosterViewProvider.swift */,
				4986A8C12C0B6DAB00EC285E /* LoadingState.swift */,
				4986A8D72C0C813E00EC285E /* MainThreadImageResourceServiceDecorator.swift */,
				4986A8972C0B44BD00EC285E /* Extension */,
				4986A8D02C0BCDF900EC285E /* View */,
				4986A8BE2C0B6D7400EC285E /* ViewModel */,
			);
			path = ImageResourceCore;
			sourceTree = "<group>";
		};
		4986A8972C0B44BD00EC285E /* Extension */ = {
			isa = PBXGroup;
			children = (
				4986A8992C0B44D600EC285E /* Extension+Image.swift */,
			);
			path = Extension;
			sourceTree = "<group>";
		};
		4986A8A72C0B4A6000EC285E /* Frameworks */ = {
			isa = PBXGroup;
			children = (
				4986A8A82C0B4A6100EC285E /* ImageResourceAPI.xcframework */,
			);
			name = Frameworks;
			sourceTree = "<group>";
		};
		4986A8B42C0B57DE00EC285E /* ImageResourceCoreTests */ = {
			isa = PBXGroup;
			children = (
				4986A8C52C0B725200EC285E /* ImageViewModelTests.swift */,
				4986A8D92C0C836900EC285E /* MainThreadImageResourceServiceDecoratorTests.swift */,
				4986A8BD2C0B584100EC285E /* ImageResourceCoreTests.xctestplan */,
				4986A8C72C0B726200EC285E /* Mock */,
			);
			path = ImageResourceCoreTests;
			sourceTree = "<group>";
		};
		4986A8BE2C0B6D7400EC285E /* ViewModel */ = {
			isa = PBXGroup;
			children = (
				4986A8BF2C0B6D8600EC285E /* ImageViewModel.swift */,
			);
			path = ViewModel;
			sourceTree = "<group>";
		};
		4986A8C72C0B726200EC285E /* Mock */ = {
			isa = PBXGroup;
			children = (
				4986A8CC2C0B751D00EC285E /* ImageProviderMock.swift */,
				4986A8CA2C0B72CA00EC285E /* ImageResourceServiceMock.swift */,
			);
			path = Mock;
			sourceTree = "<group>";
		};
		4986A8D02C0BCDF900EC285E /* View */ = {
			isa = PBXGroup;
			children = (
				4986A8CE2C0BCDF500EC285E /* ImageView.swift */,
				4986A8D12C0BCF5C00EC285E /* ShimmerView.swift */,
			);
			path = View;
			sourceTree = "<group>";
		};
/* End PBXGroup section */

/* Begin PBXHeadersBuildPhase section */
		4986A8692C0B40F500EC285E /* Headers */ = {
			isa = PBXHeadersBuildPhase;
			buildActionMask = 2147483647;
			files = (
			);
			runOnlyForDeploymentPostprocessing = 0;
		};
/* End PBXHeadersBuildPhase section */

/* Begin PBXNativeTarget section */
		4986A86D2C0B40F500EC285E /* ImageResourceCore */ = {
			isa = PBXNativeTarget;
			buildConfigurationList = 4986A8822C0B40F600EC285E /* Build configuration list for PBXNativeTarget "ImageResourceCore" */;
			buildPhases = (
				4986A8692C0B40F500EC285E /* Headers */,
				4986A86A2C0B40F500EC285E /* Sources */,
				4986A86B2C0B40F500EC285E /* Frameworks */,
				4986A86C2C0B40F500EC285E /* Resources */,
				4986A8AB2C0B4A6100EC285E /* Embed Frameworks */,
				4986A8AC2C0B4C4D00EC285E /* ShellScript */,
			);
			buildRules = (
			);
			dependencies = (
			);
			name = ImageResourceCore;
			productName = ImageResourceCore;
			productReference = 4986A86E2C0B40F500EC285E /* ImageResourceCore.framework */;
			productType = "com.apple.product-type.framework";
		};
		4986A8B22C0B57DE00EC285E /* ImageResourceCoreTests */ = {
			isa = PBXNativeTarget;
			buildConfigurationList = 4986A8BC2C0B57DE00EC285E /* Build configuration list for PBXNativeTarget "ImageResourceCoreTests" */;
			buildPhases = (
				4986A8AF2C0B57DE00EC285E /* Sources */,
				4986A8B02C0B57DE00EC285E /* Frameworks */,
				4986A8B12C0B57DE00EC285E /* Resources */,
			);
			buildRules = (
			);
			dependencies = (
				4986A8B92C0B57DE00EC285E /* PBXTargetDependency */,
			);
			name = ImageResourceCoreTests;
			productName = ImageResourceCoreTests;
			productReference = 4986A8B32C0B57DE00EC285E /* ImageResourceCoreTests.xctest */;
			productType = "com.apple.product-type.bundle.unit-test";
		};
/* End PBXNativeTarget section */

/* Begin PBXProject section */
		4986A8652C0B40F500EC285E /* Project object */ = {
			isa = PBXProject;
			attributes = {
				BuildIndependentTargetsInParallel = 1;
				LastSwiftUpdateCheck = 1540;
				LastUpgradeCheck = 1540;
				TargetAttributes = {
					4986A86D2C0B40F500EC285E = {
						CreatedOnToolsVersion = 15.4;
					};
					4986A8B22C0B57DE00EC285E = {
						CreatedOnToolsVersion = 15.4;
						LastSwiftMigration = 1540;
					};
				};
			};
			buildConfigurationList = 4986A8682C0B40F500EC285E /* Build configuration list for PBXProject "ImageResourceCore" */;
			compatibilityVersion = "Xcode 14.0";
			developmentRegion = en;
			hasScannedForEncodings = 0;
			knownRegions = (
				en,
				Base,
			);
			mainGroup = 4986A8642C0B40F500EC285E;
			productRefGroup = 4986A86F2C0B40F500EC285E /* Products */;
			projectDirPath = "";
			projectRoot = "";
			targets = (
				4986A86D2C0B40F500EC285E /* ImageResourceCore */,
				4986A8B22C0B57DE00EC285E /* ImageResourceCoreTests */,
			);
		};
/* End PBXProject section */

/* Begin PBXResourcesBuildPhase section */
		4986A86C2C0B40F500EC285E /* Resources */ = {
			isa = PBXResourcesBuildPhase;
			buildActionMask = 2147483647;
			files = (
				4986A8A62C0B4A0000EC285E /* Cartfile in Resources */,
				4986A8AE2C0B4DCE00EC285E /* Cartfile.resolved in Resources */,
			);
			runOnlyForDeploymentPostprocessing = 0;
		};
		4986A8B12C0B57DE00EC285E /* Resources */ = {
			isa = PBXResourcesBuildPhase;
			buildActionMask = 2147483647;
			files = (
			);
			runOnlyForDeploymentPostprocessing = 0;
		};
/* End PBXResourcesBuildPhase section */

/* Begin PBXShellScriptBuildPhase section */
		4986A8AC2C0B4C4D00EC285E /* ShellScript */ = {
			isa = PBXShellScriptBuildPhase;
			buildActionMask = 2147483647;
			files = (
			);
			inputFileListPaths = (
			);
			inputPaths = (
				"$(SRCROOT)/Carthage/Build/iOS/ImageResourceAPI.framework",
			);
			outputFileListPaths = (
			);
			outputPaths = (
				"$(BUILT_PRODUCTS_DIR)/$(FRAMEWORKS_FOLDER_PATH)/ImageResourceAPI.framework",
			);
			runOnlyForDeploymentPostprocessing = 0;
			shellPath = /bin/sh;
			shellScript = "# Type a script or drag a script file from your workspace to insert its path.\n";
		};
/* End PBXShellScriptBuildPhase section */

/* Begin PBXSourcesBuildPhase section */
		4986A86A2C0B40F500EC285E /* Sources */ = {
			isa = PBXSourcesBuildPhase;
			buildActionMask = 2147483647;
			files = (
				4986A8C02C0B6D8600EC285E /* ImageViewModel.swift in Sources */,
				4986A8D22C0BCF5C00EC285E /* ShimmerView.swift in Sources */,
				4986A8732C0B40F500EC285E /* ImageResourceCore.docc in Sources */,
				4986A8D62C0BD45700EC285E /* ImagePosterViewProvider.swift in Sources */,
				4986A8C22C0B6DAB00EC285E /* LoadingState.swift in Sources */,
				4986A89C2C0B44D600EC285E /* Extension+Image.swift in Sources */,
				4986A8CF2C0BCDF500EC285E /* ImageView.swift in Sources */,
				4986A8D82C0C813E00EC285E /* MainThreadImageResourceServiceDecorator.swift in Sources */,
			);
			runOnlyForDeploymentPostprocessing = 0;
		};
		4986A8AF2C0B57DE00EC285E /* Sources */ = {
			isa = PBXSourcesBuildPhase;
			buildActionMask = 2147483647;
			files = (
				4986A8DA2C0C836900EC285E /* MainThreadImageResourceServiceDecoratorTests.swift in Sources */,
				4986A8C62C0B725200EC285E /* ImageViewModelTests.swift in Sources */,
				4986A8CD2C0B751D00EC285E /* ImageProviderMock.swift in Sources */,
				4986A8CB2C0B72CA00EC285E /* ImageResourceServiceMock.swift in Sources */,
			);
			runOnlyForDeploymentPostprocessing = 0;
		};
/* End PBXSourcesBuildPhase section */

/* Begin PBXTargetDependency section */
		4986A8B92C0B57DE00EC285E /* PBXTargetDependency */ = {
			isa = PBXTargetDependency;
			target = 4986A86D2C0B40F500EC285E /* ImageResourceCore */;
			targetProxy = 4986A8B82C0B57DE00EC285E /* PBXContainerItemProxy */;
		};
/* End PBXTargetDependency section */

/* Begin XCBuildConfiguration section */
		4986A8802C0B40F600EC285E /* Debug */ = {
			isa = XCBuildConfiguration;
			buildSettings = {
				ALWAYS_SEARCH_USER_PATHS = NO;
				ASSETCATALOG_COMPILER_GENERATE_SWIFT_ASSET_SYMBOL_EXTENSIONS = YES;
				CLANG_ANALYZER_NONNULL = YES;
				CLANG_ANALYZER_NUMBER_OBJECT_CONVERSION = YES_AGGRESSIVE;
				CLANG_CXX_LANGUAGE_STANDARD = "gnu++20";
				CLANG_ENABLE_MODULES = YES;
				CLANG_ENABLE_OBJC_ARC = YES;
				CLANG_ENABLE_OBJC_WEAK = YES;
				CLANG_WARN_BLOCK_CAPTURE_AUTORELEASING = YES;
				CLANG_WARN_BOOL_CONVERSION = YES;
				CLANG_WARN_COMMA = YES;
				CLANG_WARN_CONSTANT_CONVERSION = YES;
				CLANG_WARN_DEPRECATED_OBJC_IMPLEMENTATIONS = YES;
				CLANG_WARN_DIRECT_OBJC_ISA_USAGE = YES_ERROR;
				CLANG_WARN_DOCUMENTATION_COMMENTS = YES;
				CLANG_WARN_EMPTY_BODY = YES;
				CLANG_WARN_ENUM_CONVERSION = YES;
				CLANG_WARN_INFINITE_RECURSION = YES;
				CLANG_WARN_INT_CONVERSION = YES;
				CLANG_WARN_NON_LITERAL_NULL_CONVERSION = YES;
				CLANG_WARN_OBJC_IMPLICIT_RETAIN_SELF = YES;
				CLANG_WARN_OBJC_LITERAL_CONVERSION = YES;
				CLANG_WARN_OBJC_ROOT_CLASS = YES_ERROR;
				CLANG_WARN_QUOTED_INCLUDE_IN_FRAMEWORK_HEADER = YES;
				CLANG_WARN_RANGE_LOOP_ANALYSIS = YES;
				CLANG_WARN_STRICT_PROTOTYPES = YES;
				CLANG_WARN_SUSPICIOUS_MOVE = YES;
				CLANG_WARN_UNGUARDED_AVAILABILITY = YES_AGGRESSIVE;
				CLANG_WARN_UNREACHABLE_CODE = YES;
				CLANG_WARN__DUPLICATE_METHOD_MATCH = YES;
				COPY_PHASE_STRIP = NO;
				CURRENT_PROJECT_VERSION = 1;
				DEBUG_INFORMATION_FORMAT = dwarf;
				ENABLE_STRICT_OBJC_MSGSEND = YES;
				ENABLE_TESTABILITY = YES;
				ENABLE_USER_SCRIPT_SANDBOXING = YES;
				GCC_C_LANGUAGE_STANDARD = gnu17;
				GCC_DYNAMIC_NO_PIC = NO;
				GCC_NO_COMMON_BLOCKS = YES;
				GCC_OPTIMIZATION_LEVEL = 0;
				GCC_PREPROCESSOR_DEFINITIONS = (
					"DEBUG=1",
					"$(inherited)",
				);
				GCC_WARN_64_TO_32_BIT_CONVERSION = YES;
				GCC_WARN_ABOUT_RETURN_TYPE = YES_ERROR;
				GCC_WARN_UNDECLARED_SELECTOR = YES;
				GCC_WARN_UNINITIALIZED_AUTOS = YES_AGGRESSIVE;
				GCC_WARN_UNUSED_FUNCTION = YES;
				GCC_WARN_UNUSED_VARIABLE = YES;
				LOCALIZATION_PREFERS_STRING_CATALOGS = YES;
				MTL_ENABLE_DEBUG_INFO = INCLUDE_SOURCE;
				MTL_FAST_MATH = YES;
				ONLY_ACTIVE_ARCH = YES;
				SWIFT_ACTIVE_COMPILATION_CONDITIONS = "DEBUG $(inherited)";
				SWIFT_OPTIMIZATION_LEVEL = "-Onone";
				VERSIONING_SYSTEM = "apple-generic";
				VERSION_INFO_PREFIX = "";
			};
			name = Debug;
		};
		4986A8812C0B40F600EC285E /* Release */ = {
			isa = XCBuildConfiguration;
			buildSettings = {
				ALWAYS_SEARCH_USER_PATHS = NO;
				ASSETCATALOG_COMPILER_GENERATE_SWIFT_ASSET_SYMBOL_EXTENSIONS = YES;
				CLANG_ANALYZER_NONNULL = YES;
				CLANG_ANALYZER_NUMBER_OBJECT_CONVERSION = YES_AGGRESSIVE;
				CLANG_CXX_LANGUAGE_STANDARD = "gnu++20";
				CLANG_ENABLE_MODULES = YES;
				CLANG_ENABLE_OBJC_ARC = YES;
				CLANG_ENABLE_OBJC_WEAK = YES;
				CLANG_WARN_BLOCK_CAPTURE_AUTORELEASING = YES;
				CLANG_WARN_BOOL_CONVERSION = YES;
				CLANG_WARN_COMMA = YES;
				CLANG_WARN_CONSTANT_CONVERSION = YES;
				CLANG_WARN_DEPRECATED_OBJC_IMPLEMENTATIONS = YES;
				CLANG_WARN_DIRECT_OBJC_ISA_USAGE = YES_ERROR;
				CLANG_WARN_DOCUMENTATION_COMMENTS = YES;
				CLANG_WARN_EMPTY_BODY = YES;
				CLANG_WARN_ENUM_CONVERSION = YES;
				CLANG_WARN_INFINITE_RECURSION = YES;
				CLANG_WARN_INT_CONVERSION = YES;
				CLANG_WARN_NON_LITERAL_NULL_CONVERSION = YES;
				CLANG_WARN_OBJC_IMPLICIT_RETAIN_SELF = YES;
				CLANG_WARN_OBJC_LITERAL_CONVERSION = YES;
				CLANG_WARN_OBJC_ROOT_CLASS = YES_ERROR;
				CLANG_WARN_QUOTED_INCLUDE_IN_FRAMEWORK_HEADER = YES;
				CLANG_WARN_RANGE_LOOP_ANALYSIS = YES;
				CLANG_WARN_STRICT_PROTOTYPES = YES;
				CLANG_WARN_SUSPICIOUS_MOVE = YES;
				CLANG_WARN_UNGUARDED_AVAILABILITY = YES_AGGRESSIVE;
				CLANG_WARN_UNREACHABLE_CODE = YES;
				CLANG_WARN__DUPLICATE_METHOD_MATCH = YES;
				COPY_PHASE_STRIP = NO;
				CURRENT_PROJECT_VERSION = 1;
				DEBUG_INFORMATION_FORMAT = "dwarf-with-dsym";
				ENABLE_NS_ASSERTIONS = NO;
				ENABLE_STRICT_OBJC_MSGSEND = YES;
				ENABLE_USER_SCRIPT_SANDBOXING = YES;
				GCC_C_LANGUAGE_STANDARD = gnu17;
				GCC_NO_COMMON_BLOCKS = YES;
				GCC_WARN_64_TO_32_BIT_CONVERSION = YES;
				GCC_WARN_ABOUT_RETURN_TYPE = YES_ERROR;
				GCC_WARN_UNDECLARED_SELECTOR = YES;
				GCC_WARN_UNINITIALIZED_AUTOS = YES_AGGRESSIVE;
				GCC_WARN_UNUSED_FUNCTION = YES;
				GCC_WARN_UNUSED_VARIABLE = YES;
				LOCALIZATION_PREFERS_STRING_CATALOGS = YES;
				MTL_ENABLE_DEBUG_INFO = NO;
				MTL_FAST_MATH = YES;
				SWIFT_COMPILATION_MODE = wholemodule;
				VERSIONING_SYSTEM = "apple-generic";
				VERSION_INFO_PREFIX = "";
			};
			name = Release;
		};
		4986A8832C0B40F600EC285E /* Debug */ = {
			isa = XCBuildConfiguration;
			buildSettings = {
				ALLOW_TARGET_PLATFORM_SPECIALIZATION = YES;
				BUILD_LIBRARY_FOR_DISTRIBUTION = YES;
				CODE_SIGN_STYLE = Manual;
				CURRENT_PROJECT_VERSION = 1;
				DEFINES_MODULE = NO;
				DEVELOPMENT_TEAM = "";
				"DEVELOPMENT_TEAM[sdk=iphoneos*]" = "";
				DYLIB_COMPATIBILITY_VERSION = 1;
				DYLIB_CURRENT_VERSION = 1;
				DYLIB_INSTALL_NAME_BASE = "@rpath";
				ENABLE_MODULE_VERIFIER = YES;
				FRAMEWORK_SEARCH_PATHS = ../Carthage/Build/;
				GENERATE_INFOPLIST_FILE = YES;
				INFOPLIST_KEY_NSHumanReadableCopyright = "";
				INSTALL_PATH = "$(LOCAL_LIBRARY_DIR)/Frameworks";
				IPHONEOS_DEPLOYMENT_TARGET = 13.0;
				LD_RUNPATH_SEARCH_PATHS = (
					"@executable_path/Frameworks",
					"@loader_path/Frameworks",
				);
				"LD_RUNPATH_SEARCH_PATHS[sdk=macosx*]" = (
					"@executable_path/../Frameworks",
					"@loader_path/Frameworks",
				);
				MACOSX_DEPLOYMENT_TARGET = 11.0;
				MARKETING_VERSION = 1.0;
				MODULE_VERIFIER_SUPPORTED_LANGUAGES = "objective-c objective-c++";
				MODULE_VERIFIER_SUPPORTED_LANGUAGE_STANDARDS = "gnu17 gnu++20";
				PRODUCT_BUNDLE_IDENTIFIER = com.learn.ImageResourceCore;
				PRODUCT_NAME = "$(TARGET_NAME:c99extidentifier)";
				PROVISIONING_PROFILE_SPECIFIER = "";
				SDKROOT = auto;
				SKIP_INSTALL = YES;
				SUPPORTED_PLATFORMS = "iphoneos iphonesimulator macosx";
				SWIFT_EMIT_LOC_STRINGS = YES;
				SWIFT_INSTALL_OBJC_HEADER = NO;
				SWIFT_VERSION = 5.0;
				TARGETED_DEVICE_FAMILY = "1,2";
			};
			name = Debug;
		};
		4986A8842C0B40F600EC285E /* Release */ = {
			isa = XCBuildConfiguration;
			buildSettings = {
				ALLOW_TARGET_PLATFORM_SPECIALIZATION = YES;
				BUILD_LIBRARY_FOR_DISTRIBUTION = YES;
				CODE_SIGN_STYLE = Manual;
				CURRENT_PROJECT_VERSION = 1;
				DEFINES_MODULE = NO;
				DEVELOPMENT_TEAM = "";
				"DEVELOPMENT_TEAM[sdk=iphoneos*]" = "";
				DYLIB_COMPATIBILITY_VERSION = 1;
				DYLIB_CURRENT_VERSION = 1;
				DYLIB_INSTALL_NAME_BASE = "@rpath";
				ENABLE_MODULE_VERIFIER = YES;
				FRAMEWORK_SEARCH_PATHS = ../Carthage/Build/;
				GENERATE_INFOPLIST_FILE = YES;
				INFOPLIST_KEY_NSHumanReadableCopyright = "";
				INSTALL_PATH = "$(LOCAL_LIBRARY_DIR)/Frameworks";
				IPHONEOS_DEPLOYMENT_TARGET = 13.0;
				LD_RUNPATH_SEARCH_PATHS = (
					"@executable_path/Frameworks",
					"@loader_path/Frameworks",
				);
				"LD_RUNPATH_SEARCH_PATHS[sdk=macosx*]" = (
					"@executable_path/../Frameworks",
					"@loader_path/Frameworks",
				);
				MACOSX_DEPLOYMENT_TARGET = 11.0;
				MARKETING_VERSION = 1.0;
				MODULE_VERIFIER_SUPPORTED_LANGUAGES = "objective-c objective-c++";
				MODULE_VERIFIER_SUPPORTED_LANGUAGE_STANDARDS = "gnu17 gnu++20";
				PRODUCT_BUNDLE_IDENTIFIER = com.learn.ImageResourceCore;
				PRODUCT_NAME = "$(TARGET_NAME:c99extidentifier)";
				PROVISIONING_PROFILE_SPECIFIER = "";
				SDKROOT = auto;
				SKIP_INSTALL = YES;
				SUPPORTED_PLATFORMS = "iphoneos iphonesimulator macosx";
				SWIFT_EMIT_LOC_STRINGS = YES;
				SWIFT_INSTALL_OBJC_HEADER = NO;
				SWIFT_VERSION = 5.0;
				TARGETED_DEVICE_FAMILY = "1,2";
			};
			name = Release;
		};
		4986A8BA2C0B57DE00EC285E /* Debug */ = {
			isa = XCBuildConfiguration;
			buildSettings = {
				CLANG_ENABLE_MODULES = YES;
				CODE_SIGN_STYLE = Manual;
				CURRENT_PROJECT_VERSION = 1;
				DEVELOPMENT_TEAM = "";
				GENERATE_INFOPLIST_FILE = YES;
				IPHONEOS_DEPLOYMENT_TARGET = 13.0;
				MACOSX_DEPLOYMENT_TARGET = 11.0;
				MARKETING_VERSION = 1.0;
				PRODUCT_BUNDLE_IDENTIFIER = com.learn.ImageResourceCoreTests;
				PRODUCT_NAME = "$(TARGET_NAME)";
				PROVISIONING_PROFILE_SPECIFIER = "";
				SDKROOT = auto;
				SUPPORTED_PLATFORMS = "iphoneos iphonesimulator macosx";
				SWIFT_EMIT_LOC_STRINGS = NO;
				SWIFT_OPTIMIZATION_LEVEL = "-Onone";
				SWIFT_VERSION = 5.0;
				TARGETED_DEVICE_FAMILY = "1,2";
			};
			name = Debug;
		};
		4986A8BB2C0B57DE00EC285E /* Release */ = {
			isa = XCBuildConfiguration;
			buildSettings = {
				CLANG_ENABLE_MODULES = YES;
				CODE_SIGN_STYLE = Manual;
				CURRENT_PROJECT_VERSION = 1;
				DEVELOPMENT_TEAM = "";
				GENERATE_INFOPLIST_FILE = YES;
				IPHONEOS_DEPLOYMENT_TARGET = 13.0;
				MACOSX_DEPLOYMENT_TARGET = 11.0;
				MARKETING_VERSION = 1.0;
				PRODUCT_BUNDLE_IDENTIFIER = com.learn.ImageResourceCoreTests;
				PRODUCT_NAME = "$(TARGET_NAME)";
				PROVISIONING_PROFILE_SPECIFIER = "";
				SDKROOT = auto;
				SUPPORTED_PLATFORMS = "iphoneos iphonesimulator macosx";
				SWIFT_EMIT_LOC_STRINGS = NO;
				SWIFT_VERSION = 5.0;
				TARGETED_DEVICE_FAMILY = "1,2";
			};
			name = Release;
		};
/* End XCBuildConfiguration section */

/* Begin XCConfigurationList section */
		4986A8682C0B40F500EC285E /* Build configuration list for PBXProject "ImageResourceCore" */ = {
			isa = XCConfigurationList;
			buildConfigurations = (
				4986A8802C0B40F600EC285E /* Debug */,
				4986A8812C0B40F600EC285E /* Release */,
			);
			defaultConfigurationIsVisible = 0;
			defaultConfigurationName = Release;
		};
		4986A8822C0B40F600EC285E /* Build configuration list for PBXNativeTarget "ImageResourceCore" */ = {
			isa = XCConfigurationList;
			buildConfigurations = (
				4986A8832C0B40F600EC285E /* Debug */,
				4986A8842C0B40F600EC285E /* Release */,
			);
			defaultConfigurationIsVisible = 0;
			defaultConfigurationName = Release;
		};
		4986A8BC2C0B57DE00EC285E /* Build configuration list for PBXNativeTarget "ImageResourceCoreTests" */ = {
			isa = XCConfigurationList;
			buildConfigurations = (
				4986A8BA2C0B57DE00EC285E /* Debug */,
				4986A8BB2C0B57DE00EC285E /* Release */,
			);
			defaultConfigurationIsVisible = 0;
			defaultConfigurationName = Release;
		};
/* End XCConfigurationList section */
	};
	rootObject = 4986A8652C0B40F500EC285E /* Project object */;
}
